
Microsoft Visual Studio Solution File, Format Version 11.00
# Visual Studio 2010
Project("{FAE04EC0-301F-11D3-BF4B-00C04F79EFBC}") = "OAuthStack.RestServer", "OAuthStack.RestServer\OAuthStack.RestServer.csproj", "{D4EFF34A-66A8-4714-A9AB-5F93B7DDC775}"
EndProject
Project("{FAE04EC0-301F-11D3-BF4B-00C04F79EFBC}") = "OAuthStack.AuthServer", "OAuthStack.AuthServer\OAuthStack.AuthServer.csproj", "{596224CF-F9A2-44DA-9BCD-7C856A775F28}"
EndProject
Project("{FAE04EC0-301F-11D3-BF4B-00C04F79EFBC}") = "OAuthStack.DemoClient", "OAuthStack.DemoClient\OAuthStack.DemoClient.csproj", "{DE068D12-F599-4BE4-B95B-00D9543B3A8C}"
EndProject
Project("{FAE04EC0-301F-11D3-BF4B-00C04F79EFBC}") = "OAuthStack.Common", "OAuthStack.Common\OAuthStack.Common.csproj", "{3FE2C098-6153-40AC-B68C-A6C403A35AAC}"
EndProject
Project("{2150E333-8FDC-42A3-9474-1A3956D46DE8}") = ".nuget", ".nuget", "{D1A103B7-A43C-40E8-B49B-5980D4732AD7}"
	ProjectSection(SolutionItems) = preProject
		.nuget\NuGet.Config = .nuget\NuGet.Config
		.nuget\NuGet.exe = .nuget\NuGet.exe
		.nuget\NuGet.targets = .nuget\NuGet.targets
	EndProjectSection
EndProject
Global
	GlobalSection(SolutionConfigurationPlatforms) = preSolution
		Debug|Any CPU = Debug|Any CPU
		Debug|Mixed Platforms = Debug|Mixed Platforms
		Debug|x86 = Debug|x86
		Release|Any CPU = Release|Any CPU
		Release|Mixed Platforms = Release|Mixed Platforms
		Release|x86 = Release|x86
	EndGlobalSection
	GlobalSection(ProjectConfigurationPlatforms) = postSolution
		{D4EFF34A-66A8-4714-A9AB-5F93B7DDC775}.Debug|Any CPU.ActiveCfg = Debug|Any CPU
		{D4EFF34A-66A8-4714-A9AB-5F93B7DDC775}.Debug|Any CPU.Build.0 = Debug|Any CPU
		{D4EFF34A-66A8-4714-A9AB-5F93B7DDC775}.Debug|Mixed Platforms.ActiveCfg = Debug|Any CPU
		{D4EFF34A-66A8-4714-A9AB-5F93B7DDC775}.Debug|Mixed Platforms.Build.0 = Debug|Any CPU
		{D4EFF34A-66A8-4714-A9AB-5F93B7DDC775}.Debug|x86.ActiveCfg = Debug|Any CPU
		{D4EFF34A-66A8-4714-A9AB-5F93B7DDC775}.Release|Any CPU.ActiveCfg = Release|Any CPU
		{D4EFF34A-66A8-4714-A9AB-5F93B7DDC775}.Release|Any CPU.Build.0 = Release|Any CPU
		{D4EFF34A-66A8-4714-A9AB-5F93B7DDC775}.Release|Mixed Platforms.ActiveCfg = Release|Any CPU
		{D4EFF34A-66A8-4714-A9AB-5F93B7DDC775}.Release|Mixed Platforms.Build.0 = Release|Any CPU
		{D4EFF34A-66A8-4714-A9AB-5F93B7DDC775}.Release|x86.ActiveCfg = Release|Any CPU
		{596224CF-F9A2-44DA-9BCD-7C856A775F28}.Debug|Any CPU.ActiveCfg = Debug|Any CPU
		{596224CF-F9A2-44DA-9BCD-7C856A775F28}.Debug|Any CPU.Build.0 = Debug|Any CPU
		{596224CF-F9A2-44DA-9BCD-7C856A775F28}.Debug|Mixed Platforms.ActiveCfg = Debug|Any CPU
		{596224CF-F9A2-44DA-9BCD-7C856A775F28}.Debug|Mixed Platforms.Build.0 = Debug|Any CPU
		{596224CF-F9A2-44DA-9BCD-7C856A775F28}.Debug|x86.ActiveCfg = Debug|Any CPU
		{596224CF-F9A2-44DA-9BCD-7C856A775F28}.Release|Any CPU.ActiveCfg = Release|Any CPU
		{596224CF-F9A2-44DA-9BCD-7C856A775F28}.Release|Any CPU.Build.0 = Release|Any CPU
		{596224CF-F9A2-44DA-9BCD-7C856A775F28}.Release|Mixed Platforms.ActiveCfg = Release|Any CPU
		{596224CF-F9A2-44DA-9BCD-7C856A775F28}.Release|Mixed Platforms.Build.0 = Release|Any CPU
		{596224CF-F9A2-44DA-9BCD-7C856A775F28}.Release|x86.ActiveCfg = Release|Any CPU
		{DE068D12-F599-4BE4-B95B-00D9543B3A8C}.Debug|Any CPU.ActiveCfg = Debug|x86
		{DE068D12-F599-4BE4-B95B-00D9543B3A8C}.Debug|Mixed Platforms.ActiveCfg = Debug|x86
		{DE068D12-F599-4BE4-B95B-00D9543B3A8C}.Debug|Mixed Platforms.Build.0 = Debug|x86
		{DE068D12-F599-4BE4-B95B-00D9543B3A8C}.Debug|x86.ActiveCfg = Debug|x86
		{DE068D12-F599-4BE4-B95B-00D9543B3A8C}.Debug|x86.Build.0 = Debug|x86
		{DE068D12-F599-4BE4-B95B-00D9543B3A8C}.Release|Any CPU.ActiveCfg = Release|x86
		{DE068D12-F599-4BE4-B95B-00D9543B3A8C}.Release|Mixed Platforms.ActiveCfg = Release|x86
		{DE068D12-F599-4BE4-B95B-00D9543B3A8C}.Release|Mixed Platforms.Build.0 = Release|x86
		{DE068D12-F599-4BE4-B95B-00D9543B3A8C}.Release|x86.ActiveCfg = Release|x86
		{DE068D12-F599-4BE4-B95B-00D9543B3A8C}.Release|x86.Build.0 = Release|x86
		{3FE2C098-6153-40AC-B68C-A6C403A35AAC}.Debug|Any CPU.ActiveCfg = Debug|Any CPU
		{3FE2C098-6153-40AC-B68C-A6C403A35AAC}.Debug|Any CPU.Build.0 = Debug|Any CPU
		{3FE2C098-6153-40AC-B68C-A6C403A35AAC}.Debug|Mixed Platforms.ActiveCfg = Debug|Any CPU
		{3FE2C098-6153-40AC-B68C-A6C403A35AAC}.Debug|Mixed Platforms.Build.0 = Debug|Any CPU
		{3FE2C098-6153-40AC-B68C-A6C403A35AAC}.Debug|x86.ActiveCfg = Debug|Any CPU
		{3FE2C098-6153-40AC-B68C-A6C403A35AAC}.Release|Any CPU.ActiveCfg = Release|Any CPU
		{3FE2C098-6153-40AC-B68C-A6C403A35AAC}.Release|Any CPU.Build.0 = Release|Any CPU
		{3FE2C098-6153-40AC-B68C-A6C403A35AAC}.Release|Mixed Platforms.ActiveCfg = Release|Any CPU
		{3FE2C098-6153-40AC-B68C-A6C403A35AAC}.Release|Mixed Platforms.Build.0 = Release|Any CPU
		{3FE2C098-6153-40AC-B68C-A6C403A35AAC}.Release|x86.ActiveCfg = Release|Any CPU
	EndGlobalSection
	GlobalSection(SolutionProperties) = preSolution
		HideSolutionNode = FALSE
	EndGlobalSection
EndGlobal
